
Microsoft Visual Studio Solution File, Format Version 12.00
# Visual Studio Version 17
VisualStudioVersion = 17.7.34024.191
MinimumVisualStudioVersion = 10.0.40219.1
Project("{FAE04EC0-301F-11D3-BF4B-00C04F79EFBC}") = "HigeDaruma.DemoDevidedWpf.UI.WpfApp", "src\HigeDaruma.DemoDevidedWpf.UI.WpfApp\HigeDaruma.DemoDevidedWpf.UI.WpfApp.csproj", "{012DAB8C-09F8-421D-A9D4-CB18A009A5C8}"
EndProject
Project("{2150E333-8FDC-42A3-9474-1A3956D46DE8}") = "src", "src", "{C64A3E47-67EB-4FB5-B25F-134E61704C57}"
EndProject
Project("{FAE04EC0-301F-11D3-BF4B-00C04F79EFBC}") = "HigeDaruma.DemoDevidedWpf.AppCore", "src\HigeDaruma.DemoDevidedWpf.AppCore\HigeDaruma.DemoDevidedWpf.AppCore.csproj", "{F095C9F9-81A9-4ED8-A8D5-F4B25FAA3065}"
EndProject
Project("{2150E333-8FDC-42A3-9474-1A3956D46DE8}") = "tests", "tests", "{B831AE79-9FA4-49BE-B902-D48CA3E5E935}"
EndProject
Global
	GlobalSection(SolutionConfigurationPlatforms) = preSolution
		Debug|Any CPU = Debug|Any CPU
		Release|Any CPU = Release|Any CPU
	EndGlobalSection
	GlobalSection(ProjectConfigurationPlatforms) = postSolution
		{012DAB8C-09F8-421D-A9D4-CB18A009A5C8}.Debug|Any CPU.ActiveCfg = Debug|Any CPU
		{012DAB8C-09F8-421D-A9D4-CB18A009A5C8}.Debug|Any CPU.Build.0 = Debug|Any CPU
		{012DAB8C-09F8-421D-A9D4-CB18A009A5C8}.Release|Any CPU.ActiveCfg = Release|Any CPU
		{012DAB8C-09F8-421D-A9D4-CB18A009A5C8}.Release|Any CPU.Build.0 = Release|Any CPU
		{F095C9F9-81A9-4ED8-A8D5-F4B25FAA3065}.Debug|Any CPU.ActiveCfg = Debug|Any CPU
		{F095C9F9-81A9-4ED8-A8D5-F4B25FAA3065}.Debug|Any CPU.Build.0 = Debug|Any CPU
		{F095C9F9-81A9-4ED8-A8D5-F4B25FAA3065}.Release|Any CPU.ActiveCfg = Release|Any CPU
		{F095C9F9-81A9-4ED8-A8D5-F4B25FAA3065}.Release|Any CPU.Build.0 = Release|Any CPU
	EndGlobalSection
	GlobalSection(SolutionProperties) = preSolution
		HideSolutionNode = FALSE
	EndGlobalSection
	GlobalSection(NestedProjects) = preSolution
		{012DAB8C-09F8-421D-A9D4-CB18A009A5C8} = {C64A3E47-67EB-4FB5-B25F-134E61704C57}
		{F095C9F9-81A9-4ED8-A8D5-F4B25FAA3065} = {C64A3E47-67EB-4FB5-B25F-134E61704C57}
	EndGlobalSection
	GlobalSection(ExtensibilityGlobals) = postSolution
		SolutionGuid = {255B1CA9-D684-4B43-8282-FEFFF117F2E6}
	EndGlobalSection
EndGlobal
